lockfileVersion: '9.0'

settings:
  autoInstallPeers: true
  excludeLinksFromLockfile: false

importers:

  .:
    dependencies:
      '@keyforge/shared':
        specifier: workspace:*
        version: link:../../packages/shared
      i18next:
        specifier: ^26.3.3
        version: 26.3.3
      i18next-browser-languagedetector:
        specifier: ^8.2.1
        version: 8.2.1
      react:
        specifier: ^19.2.7
        version: 19.2.7
      react-i18next:
        specifier: ^17.0.8
        version: 17.0.8(i18next@26.3.3)(react@19.2.7)

packages:

  '@babel/runtime@7.29.7':
    resolution: {integrity: sha512-Nq8OhGWiZIZGV6hLHoyAKLLcJihP/xFeBMGJoUrxTX2psI8dCifzLhZISFb+VWS3wFMRDmCGw5R+dOySCqPLhw==}
    engines: {node: '>=6.9.0'}

  html-parse-stringify@3.0.1:
    resolution: {integrity: sha512-KknJ50kTInJ7qIScF3jeaFRpMpE8/lfiTdzf/twXyPBLAGrLRTmkz3AdTnKeh40X8k9L2fdYwEp/42WGXIRGcg==}

  i18next-browser-languagedetector@8.2.1:
    resolution: {integrity: sha512-bZg8+4bdmaOiApD7N7BPT9W8MLZG+nPTOFlLiJiT8uzKXFjhxw4v2ierCXOwB5sFDMtuA5G4kgYZ0AznZxQ/cw==}

  i18next@26.3.3:
    resolution: {integrity: sha512-aYVegyBdXSO93CMMihvr47jI7GHSOcIahMpJX+qzUXDzW4xDJf2uenIA+45vDU+YhiVdcfsql70AC9RVdMNrHg==}
    peerDependencies:
      typescript: ^5 || ^6
    peerDependenciesMeta:
      typescript:
        optional: true

  react-i18next@17.0.8:
    resolution: {integrity: sha512-0ooKbGLU8JXhe1zwpQUWIeXSgLPOfwJmgheWRIUpcoA0CpyabpGhayjdG+/eA5esC1AQ8h2jWpXjJfzQzeDOCw==}
    peerDependencies:
      i18next: '>= 26.2.0'
      react: '>= 16.8.0'
      react-dom: '*'
      react-native: '*'
      typescript: ^5 || ^6
    peerDependenciesMeta:
      react-dom:
        optional: true
      react-native:
        optional: true
      typescript:
        optional: true

  react@19.2.7:
    resolution: {integrity: sha512-HNe9WslTbXmFK8o8cmwgAeJFSBvt1bPdHCVKtaaV+WlAN36mpT4hcRpwbf3fY56ar2oIXzsBpOAiIRHAdY0OlQ==}
    engines: {node: '>=0.10.0'}

  use-sync-external-store@1.6.0:
    resolution: {integrity: sha512-Pp6GSwGP/NrPIrxVFAIkOQeyw8lFenOHijQWkUTrDvrF4ALqylP2C/KCkeS9dpUM3KvYRQhna5vt7IL95+ZQ9w==}
    peerDependencies:
      react: ^16.8.0 || ^17.0.0 || ^18.0.0 || ^19.0.0

  void-elements@3.1.0:
    resolution: {integrity: sha512-Dhxzh5HZuiHQhbvTW9AMetFfBHDMYpo23Uo9btPXgdYP+3T5S+p+jgNy7spra+veYhBP2dCSgxR/i2Y02h5/6w==}
    engines: {node: '>=0.10.0'}

snapshots:

  '@babel/runtime@7.29.7': {}

  html-parse-stringify@3.0.1:
    dependencies:
      void-elements: 3.1.0

  i18next-browser-languagedetector@8.2.1:
    dependencies:
      '@babel/runtime': 7.29.7

  i18next@26.3.3: {}

  react-i18next@17.0.8(i18next@26.3.3)(react@19.2.7):
    dependencies:
      '@babel/runtime': 7.29.7
      html-parse-stringify: 3.0.1
      i18next: 26.3.3
      react: 19.2.7
      use-sync-external-store: 1.6.0(react@19.2.7)

  react@19.2.7: {}

  use-sync-external-store@1.6.0(react@19.2.7):
    dependencies:
      react: 19.2.7

  void-elements@3.1.0: {}
